
Microsoft Visual Studio Solution File, Format Version 12.00
# Visual Studio Version 17
VisualStudioVersion = 17.11.35222.181
MinimumVisualStudioVersion = 10.0.40219.1
Project("{FAE04EC0-301F-11D3-BF4B-00C04F79EFBC}") = "Domain", "Domain\Domain.csproj", "{6234E083-E987-4A22-A907-A990149918F8}"
EndProject
Project("{FAE04EC0-301F-11D3-BF4B-00C04F79EFBC}") = "Infra.Data", "Infra.Data\Infra.Data.csproj", "{AE3248F5-B107-48B4-87B7-94B0A6299B99}"
	ProjectSection(ProjectDependencies) = postProject
		{6234E083-E987-4A22-A907-A990149918F8} = {6234E083-E987-4A22-A907-A990149918F8}
	EndProjectSection
EndProject
Project("{FAE04EC0-301F-11D3-BF4B-00C04F79EFBC}") = "Infra.Connect", "Infra.Connect\Infra.Connect.csproj", "{A25A476E-F1E9-4DE1-A629-770A07784BA1}"
	ProjectSection(ProjectDependencies) = postProject
		{6234E083-E987-4A22-A907-A990149918F8} = {6234E083-E987-4A22-A907-A990149918F8}
		{8FA4961F-69E6-4A6F-951A-4AC6F49CE631} = {8FA4961F-69E6-4A6F-951A-4AC6F49CE631}
		{AE3248F5-B107-48B4-87B7-94B0A6299B99} = {AE3248F5-B107-48B4-87B7-94B0A6299B99}
	EndProjectSection
EndProject
Project("{FAE04EC0-301F-11D3-BF4B-00C04F79EFBC}") = "Application", "Application\Application.csproj", "{8FA4961F-69E6-4A6F-951A-4AC6F49CE631}"
	ProjectSection(ProjectDependencies) = postProject
		{6234E083-E987-4A22-A907-A990149918F8} = {6234E083-E987-4A22-A907-A990149918F8}
	EndProjectSection
EndProject
Project("{2150E333-8FDC-42A3-9474-1A3956D46DE8}") = "Estrutura", "Estrutura", "{632B6126-EA05-4EC0-948F-102AC816827E}"
EndProject
Project("{2150E333-8FDC-42A3-9474-1A3956D46DE8}") = "Apps", "Apps", "{8364BC97-BD99-4D84-97B4-B22D76BA3BD1}"
EndProject
Project("{FAE04EC0-301F-11D3-BF4B-00C04F79EFBC}") = "WebAPI", "WebAPI\WebAPI.csproj", "{9A322739-DDB3-4F33-9469-2E2D41649A53}"
	ProjectSection(ProjectDependencies) = postProject
		{A25A476E-F1E9-4DE1-A629-770A07784BA1} = {A25A476E-F1E9-4DE1-A629-770A07784BA1}
	EndProjectSection
EndProject
Global
	GlobalSection(SolutionConfigurationPlatforms) = preSolution
		Debug|Any CPU = Debug|Any CPU
		Release|Any CPU = Release|Any CPU
	EndGlobalSection
	GlobalSection(ProjectConfigurationPlatforms) = postSolution
		{6234E083-E987-4A22-A907-A990149918F8}.Debug|Any CPU.ActiveCfg = Debug|Any CPU
		{6234E083-E987-4A22-A907-A990149918F8}.Debug|Any CPU.Build.0 = Debug|Any CPU
		{6234E083-E987-4A22-A907-A990149918F8}.Release|Any CPU.ActiveCfg = Release|Any CPU
		{6234E083-E987-4A22-A907-A990149918F8}.Release|Any CPU.Build.0 = Release|Any CPU
		{AE3248F5-B107-48B4-87B7-94B0A6299B99}.Debug|Any CPU.ActiveCfg = Debug|Any CPU
		{AE3248F5-B107-48B4-87B7-94B0A6299B99}.Debug|Any CPU.Build.0 = Debug|Any CPU
		{AE3248F5-B107-48B4-87B7-94B0A6299B99}.Release|Any CPU.ActiveCfg = Release|Any CPU
		{AE3248F5-B107-48B4-87B7-94B0A6299B99}.Release|Any CPU.Build.0 = Release|Any CPU
		{A25A476E-F1E9-4DE1-A629-770A07784BA1}.Debug|Any CPU.ActiveCfg = Debug|Any CPU
		{A25A476E-F1E9-4DE1-A629-770A07784BA1}.Debug|Any CPU.Build.0 = Debug|Any CPU
		{A25A476E-F1E9-4DE1-A629-770A07784BA1}.Release|Any CPU.ActiveCfg = Release|Any CPU
		{A25A476E-F1E9-4DE1-A629-770A07784BA1}.Release|Any CPU.Build.0 = Release|Any CPU
		{8FA4961F-69E6-4A6F-951A-4AC6F49CE631}.Debug|Any CPU.ActiveCfg = Debug|Any CPU
		{8FA4961F-69E6-4A6F-951A-4AC6F49CE631}.Debug|Any CPU.Build.0 = Debug|Any CPU
		{8FA4961F-69E6-4A6F-951A-4AC6F49CE631}.Release|Any CPU.ActiveCfg = Release|Any CPU
		{8FA4961F-69E6-4A6F-951A-4AC6F49CE631}.Release|Any CPU.Build.0 = Release|Any CPU
		{9A322739-DDB3-4F33-9469-2E2D41649A53}.Debug|Any CPU.ActiveCfg = Debug|Any CPU
		{9A322739-DDB3-4F33-9469-2E2D41649A53}.Debug|Any CPU.Build.0 = Debug|Any CPU
		{9A322739-DDB3-4F33-9469-2E2D41649A53}.Release|Any CPU.ActiveCfg = Release|Any CPU
		{9A322739-DDB3-4F33-9469-2E2D41649A53}.Release|Any CPU.Build.0 = Release|Any CPU
	EndGlobalSection
	GlobalSection(SolutionProperties) = preSolution
		HideSolutionNode = FALSE
	EndGlobalSection
	GlobalSection(NestedProjects) = preSolution
		{6234E083-E987-4A22-A907-A990149918F8} = {632B6126-EA05-4EC0-948F-102AC816827E}
		{AE3248F5-B107-48B4-87B7-94B0A6299B99} = {632B6126-EA05-4EC0-948F-102AC816827E}
		{A25A476E-F1E9-4DE1-A629-770A07784BA1} = {632B6126-EA05-4EC0-948F-102AC816827E}
		{8FA4961F-69E6-4A6F-951A-4AC6F49CE631} = {632B6126-EA05-4EC0-948F-102AC816827E}
		{9A322739-DDB3-4F33-9469-2E2D41649A53} = {8364BC97-BD99-4D84-97B4-B22D76BA3BD1}
	EndGlobalSection
	GlobalSection(ExtensibilityGlobals) = postSolution
		SolutionGuid = {933336B3-714A-47AC-8980-ED44167CC04C}
	EndGlobalSection
EndGlobal
