
Microsoft Visual Studio Solution File, Format Version 12.00
# Visual Studio Version 17
VisualStudioVersion = 17.6.33829.357
MinimumVisualStudioVersion = 10.0.40219.1
Project("{9A19103F-16F7-4668-BE54-9A1E7A4F7556}") = "HelloWorld", "HelloWorld\HelloWorld.csproj", "{3325DC1A-D572-4059-B725-FCF48D0BDE09}"
EndProject
Project("{9A19103F-16F7-4668-BE54-9A1E7A4F7556}") = "For_While", "For_While\For_While.csproj", "{7CB70661-C1B5-45FF-A314-DDBA9A6E4680}"
EndProject
Project("{9A19103F-16F7-4668-BE54-9A1E7A4F7556}") = "POO_Simples", "POO_Simples\POO_Simples.csproj", "{9BD71219-D447-49ED-990C-01221DEC12FA}"
EndProject
Project("{9A19103F-16F7-4668-BE54-9A1E7A4F7556}") = "POO_Static", "POO_Static\POO_Static.csproj", "{EB03BFAF-7EA9-44E2-939D-C2D7C03AD30A}"
EndProject
Project("{9A19103F-16F7-4668-BE54-9A1E7A4F7556}") = "POO_Construtores", "POO_Construtores\POO_Construtores.csproj", "{2C4FF2C7-1873-408D-94FD-E25D422EA759}"
EndProject
Project("{2150E333-8FDC-42A3-9474-1A3956D46DE8}") = "Solution Items", "Solution Items", "{07F81E84-4F6D-4778-8410-A13C53635724}"
	ProjectSection(SolutionItems) = preProject
		DebugCodigoTerceiros.txt = DebugCodigoTerceiros.txt
	EndProjectSection
EndProject
Project("{9A19103F-16F7-4668-BE54-9A1E7A4F7556}") = "POO_Encapsulamento", "POO_Encapsulamento\POO_Encapsulamento.csproj", "{E280322F-7CC1-4FB4-BE7E-7D0F3B3D68F1}"
EndProject
Project("{9A19103F-16F7-4668-BE54-9A1E7A4F7556}") = "Ponteiros", "Ponteiros\Ponteiros.csproj", "{D3D96738-C063-4491-948E-F9E4D78231C8}"
EndProject
Project("{9A19103F-16F7-4668-BE54-9A1E7A4F7556}") = "Struct", "Struct\Struct.csproj", "{E5838AEF-768F-4578-9077-66731DA58193}"
EndProject
Project("{9A19103F-16F7-4668-BE54-9A1E7A4F7556}") = "Nullable", "Nullable\Nullable.csproj", "{F34DF58A-EE53-428F-AFF8-41CA787C00F3}"
EndProject
Project("{9A19103F-16F7-4668-BE54-9A1E7A4F7556}") = "Array", "Array\Array.csproj", "{EEF66D2B-7FB6-4B94-92FB-C93A48BEC6B9}"
EndProject
Project("{9A19103F-16F7-4668-BE54-9A1E7A4F7556}") = "Generics", "Generics\Generics.csproj", "{31AED627-691A-490E-AC76-1B797F5870E8}"
EndProject
Project("{9A19103F-16F7-4668-BE54-9A1E7A4F7556}") = "Params", "Params\Params.csproj", "{5E148DCF-6E75-4077-B0E7-FA26FF3C6D94}"
EndProject
Project("{9A19103F-16F7-4668-BE54-9A1E7A4F7556}") = "Ref e Out", "Ref e Out\Ref e Out.csproj", "{967BF957-1DD8-42F9-B08B-B85511DD055C}"
EndProject
Project("{9A19103F-16F7-4668-BE54-9A1E7A4F7556}") = "Boxing e Unboxing", "Boxing e Unboxing\Boxing e Unboxing.csproj", "{D7F0E64C-C181-470D-8A8B-E7721BD631BF}"
EndProject
Project("{9A19103F-16F7-4668-BE54-9A1E7A4F7556}") = "List", "List\List.csproj", "{2AD137C5-F439-436B-A06B-1A97589EC037}"
EndProject
Project("{9A19103F-16F7-4668-BE54-9A1E7A4F7556}") = "List VS Array", "List VS Array\List VS Array.csproj", "{00B55ACA-2F17-4AFC-B0BA-6F04BC94F30B}"
EndProject
Project("{2150E333-8FDC-42A3-9474-1A3956D46DE8}") = "MyNotes", "MyNotes", "{BBBDB469-2BA4-4020-ACBE-CEA254C07243}"
EndProject
Project("{2150E333-8FDC-42A3-9474-1A3956D46DE8}") = "Testes", "Testes", "{85334E73-CB6C-4D0B-B0A4-DA3B3497C447}"
EndProject
Project("{9A19103F-16F7-4668-BE54-9A1E7A4F7556}") = "ErroIE", "ErroIE\ErroIE.csproj", "{26C12EA1-CD2E-400C-9F33-5E19C196D628}"
EndProject
Project("{9A19103F-16F7-4668-BE54-9A1E7A4F7556}") = "Enum", "Enum\Enum.csproj", "{B6C1733F-0AF5-4F1B-94E1-76E5AE1926D6}"
EndProject
Project("{9A19103F-16F7-4668-BE54-9A1E7A4F7556}") = "Mock", "Mock\Mock.csproj", "{2F801E52-EDFF-470B-BAEC-56B7CE4F01FD}"
EndProject
Project("{FAE04EC0-301F-11D3-BF4B-00C04F79EFBC}") = "MinimalApi", "MinimalApi\MinimalApi.csproj", "{7EF6AFD7-5671-4E88-ACD7-2C5E5B1C9B9D}"
EndProject
Global
	GlobalSection(SolutionConfigurationPlatforms) = preSolution
		Debug|Any CPU = Debug|Any CPU
		Release|Any CPU = Release|Any CPU
	EndGlobalSection
	GlobalSection(ProjectConfigurationPlatforms) = postSolution
		{3325DC1A-D572-4059-B725-FCF48D0BDE09}.Debug|Any CPU.ActiveCfg = Debug|Any CPU
		{3325DC1A-D572-4059-B725-FCF48D0BDE09}.Debug|Any CPU.Build.0 = Debug|Any CPU
		{3325DC1A-D572-4059-B725-FCF48D0BDE09}.Release|Any CPU.ActiveCfg = Release|Any CPU
		{3325DC1A-D572-4059-B725-FCF48D0BDE09}.Release|Any CPU.Build.0 = Release|Any CPU
		{7CB70661-C1B5-45FF-A314-DDBA9A6E4680}.Debug|Any CPU.ActiveCfg = Debug|Any CPU
		{7CB70661-C1B5-45FF-A314-DDBA9A6E4680}.Debug|Any CPU.Build.0 = Debug|Any CPU
		{7CB70661-C1B5-45FF-A314-DDBA9A6E4680}.Release|Any CPU.ActiveCfg = Release|Any CPU
		{7CB70661-C1B5-45FF-A314-DDBA9A6E4680}.Release|Any CPU.Build.0 = Release|Any CPU
		{9BD71219-D447-49ED-990C-01221DEC12FA}.Debug|Any CPU.ActiveCfg = Debug|Any CPU
		{9BD71219-D447-49ED-990C-01221DEC12FA}.Debug|Any CPU.Build.0 = Debug|Any CPU
		{9BD71219-D447-49ED-990C-01221DEC12FA}.Release|Any CPU.ActiveCfg = Release|Any CPU
		{9BD71219-D447-49ED-990C-01221DEC12FA}.Release|Any CPU.Build.0 = Release|Any CPU
		{EB03BFAF-7EA9-44E2-939D-C2D7C03AD30A}.Debug|Any CPU.ActiveCfg = Debug|Any CPU
		{EB03BFAF-7EA9-44E2-939D-C2D7C03AD30A}.Debug|Any CPU.Build.0 = Debug|Any CPU
		{EB03BFAF-7EA9-44E2-939D-C2D7C03AD30A}.Release|Any CPU.ActiveCfg = Release|Any CPU
		{EB03BFAF-7EA9-44E2-939D-C2D7C03AD30A}.Release|Any CPU.Build.0 = Release|Any CPU
		{2C4FF2C7-1873-408D-94FD-E25D422EA759}.Debug|Any CPU.ActiveCfg = Debug|Any CPU
		{2C4FF2C7-1873-408D-94FD-E25D422EA759}.Debug|Any CPU.Build.0 = Debug|Any CPU
		{2C4FF2C7-1873-408D-94FD-E25D422EA759}.Release|Any CPU.ActiveCfg = Release|Any CPU
		{2C4FF2C7-1873-408D-94FD-E25D422EA759}.Release|Any CPU.Build.0 = Release|Any CPU
		{E280322F-7CC1-4FB4-BE7E-7D0F3B3D68F1}.Debug|Any CPU.ActiveCfg = Debug|Any CPU
		{E280322F-7CC1-4FB4-BE7E-7D0F3B3D68F1}.Debug|Any CPU.Build.0 = Debug|Any CPU
		{E280322F-7CC1-4FB4-BE7E-7D0F3B3D68F1}.Release|Any CPU.ActiveCfg = Release|Any CPU
		{E280322F-7CC1-4FB4-BE7E-7D0F3B3D68F1}.Release|Any CPU.Build.0 = Release|Any CPU
		{D3D96738-C063-4491-948E-F9E4D78231C8}.Debug|Any CPU.ActiveCfg = Debug|Any CPU
		{D3D96738-C063-4491-948E-F9E4D78231C8}.Debug|Any CPU.Build.0 = Debug|Any CPU
		{D3D96738-C063-4491-948E-F9E4D78231C8}.Release|Any CPU.ActiveCfg = Release|Any CPU
		{D3D96738-C063-4491-948E-F9E4D78231C8}.Release|Any CPU.Build.0 = Release|Any CPU
		{E5838AEF-768F-4578-9077-66731DA58193}.Debug|Any CPU.ActiveCfg = Debug|Any CPU
		{E5838AEF-768F-4578-9077-66731DA58193}.Debug|Any CPU.Build.0 = Debug|Any CPU
		{E5838AEF-768F-4578-9077-66731DA58193}.Release|Any CPU.ActiveCfg = Release|Any CPU
		{E5838AEF-768F-4578-9077-66731DA58193}.Release|Any CPU.Build.0 = Release|Any CPU
		{F34DF58A-EE53-428F-AFF8-41CA787C00F3}.Debug|Any CPU.ActiveCfg = Debug|Any CPU
		{F34DF58A-EE53-428F-AFF8-41CA787C00F3}.Debug|Any CPU.Build.0 = Debug|Any CPU
		{F34DF58A-EE53-428F-AFF8-41CA787C00F3}.Release|Any CPU.ActiveCfg = Release|Any CPU
		{F34DF58A-EE53-428F-AFF8-41CA787C00F3}.Release|Any CPU.Build.0 = Release|Any CPU
		{EEF66D2B-7FB6-4B94-92FB-C93A48BEC6B9}.Debug|Any CPU.ActiveCfg = Debug|Any CPU
		{EEF66D2B-7FB6-4B94-92FB-C93A48BEC6B9}.Debug|Any CPU.Build.0 = Debug|Any CPU
		{EEF66D2B-7FB6-4B94-92FB-C93A48BEC6B9}.Release|Any CPU.ActiveCfg = Release|Any CPU
		{EEF66D2B-7FB6-4B94-92FB-C93A48BEC6B9}.Release|Any CPU.Build.0 = Release|Any CPU
		{31AED627-691A-490E-AC76-1B797F5870E8}.Debug|Any CPU.ActiveCfg = Debug|Any CPU
		{31AED627-691A-490E-AC76-1B797F5870E8}.Debug|Any CPU.Build.0 = Debug|Any CPU
		{31AED627-691A-490E-AC76-1B797F5870E8}.Release|Any CPU.ActiveCfg = Release|Any CPU
		{31AED627-691A-490E-AC76-1B797F5870E8}.Release|Any CPU.Build.0 = Release|Any CPU
		{5E148DCF-6E75-4077-B0E7-FA26FF3C6D94}.Debug|Any CPU.ActiveCfg = Debug|Any CPU
		{5E148DCF-6E75-4077-B0E7-FA26FF3C6D94}.Debug|Any CPU.Build.0 = Debug|Any CPU
		{5E148DCF-6E75-4077-B0E7-FA26FF3C6D94}.Release|Any CPU.ActiveCfg = Release|Any CPU
		{5E148DCF-6E75-4077-B0E7-FA26FF3C6D94}.Release|Any CPU.Build.0 = Release|Any CPU
		{967BF957-1DD8-42F9-B08B-B85511DD055C}.Debug|Any CPU.ActiveCfg = Debug|Any CPU
		{967BF957-1DD8-42F9-B08B-B85511DD055C}.Debug|Any CPU.Build.0 = Debug|Any CPU
		{967BF957-1DD8-42F9-B08B-B85511DD055C}.Release|Any CPU.ActiveCfg = Release|Any CPU
		{967BF957-1DD8-42F9-B08B-B85511DD055C}.Release|Any CPU.Build.0 = Release|Any CPU
		{D7F0E64C-C181-470D-8A8B-E7721BD631BF}.Debug|Any CPU.ActiveCfg = Debug|Any CPU
		{D7F0E64C-C181-470D-8A8B-E7721BD631BF}.Debug|Any CPU.Build.0 = Debug|Any CPU
		{D7F0E64C-C181-470D-8A8B-E7721BD631BF}.Release|Any CPU.ActiveCfg = Release|Any CPU
		{D7F0E64C-C181-470D-8A8B-E7721BD631BF}.Release|Any CPU.Build.0 = Release|Any CPU
		{2AD137C5-F439-436B-A06B-1A97589EC037}.Debug|Any CPU.ActiveCfg = Debug|Any CPU
		{2AD137C5-F439-436B-A06B-1A97589EC037}.Debug|Any CPU.Build.0 = Debug|Any CPU
		{2AD137C5-F439-436B-A06B-1A97589EC037}.Release|Any CPU.ActiveCfg = Release|Any CPU
		{2AD137C5-F439-436B-A06B-1A97589EC037}.Release|Any CPU.Build.0 = Release|Any CPU
		{00B55ACA-2F17-4AFC-B0BA-6F04BC94F30B}.Debug|Any CPU.ActiveCfg = Debug|Any CPU
		{00B55ACA-2F17-4AFC-B0BA-6F04BC94F30B}.Debug|Any CPU.Build.0 = Debug|Any CPU
		{00B55ACA-2F17-4AFC-B0BA-6F04BC94F30B}.Release|Any CPU.ActiveCfg = Release|Any CPU
		{00B55ACA-2F17-4AFC-B0BA-6F04BC94F30B}.Release|Any CPU.Build.0 = Release|Any CPU
		{26C12EA1-CD2E-400C-9F33-5E19C196D628}.Debug|Any CPU.ActiveCfg = Debug|Any CPU
		{26C12EA1-CD2E-400C-9F33-5E19C196D628}.Debug|Any CPU.Build.0 = Debug|Any CPU
		{26C12EA1-CD2E-400C-9F33-5E19C196D628}.Release|Any CPU.ActiveCfg = Release|Any CPU
		{26C12EA1-CD2E-400C-9F33-5E19C196D628}.Release|Any CPU.Build.0 = Release|Any CPU
		{B6C1733F-0AF5-4F1B-94E1-76E5AE1926D6}.Debug|Any CPU.ActiveCfg = Debug|Any CPU
		{B6C1733F-0AF5-4F1B-94E1-76E5AE1926D6}.Debug|Any CPU.Build.0 = Debug|Any CPU
		{B6C1733F-0AF5-4F1B-94E1-76E5AE1926D6}.Release|Any CPU.ActiveCfg = Release|Any CPU
		{B6C1733F-0AF5-4F1B-94E1-76E5AE1926D6}.Release|Any CPU.Build.0 = Release|Any CPU
		{2F801E52-EDFF-470B-BAEC-56B7CE4F01FD}.Debug|Any CPU.ActiveCfg = Debug|Any CPU
		{2F801E52-EDFF-470B-BAEC-56B7CE4F01FD}.Debug|Any CPU.Build.0 = Debug|Any CPU
		{2F801E52-EDFF-470B-BAEC-56B7CE4F01FD}.Release|Any CPU.ActiveCfg = Release|Any CPU
		{2F801E52-EDFF-470B-BAEC-56B7CE4F01FD}.Release|Any CPU.Build.0 = Release|Any CPU
		{7EF6AFD7-5671-4E88-ACD7-2C5E5B1C9B9D}.Debug|Any CPU.ActiveCfg = Debug|Any CPU
		{7EF6AFD7-5671-4E88-ACD7-2C5E5B1C9B9D}.Debug|Any CPU.Build.0 = Debug|Any CPU
		{7EF6AFD7-5671-4E88-ACD7-2C5E5B1C9B9D}.Release|Any CPU.ActiveCfg = Release|Any CPU
		{7EF6AFD7-5671-4E88-ACD7-2C5E5B1C9B9D}.Release|Any CPU.Build.0 = Release|Any CPU
	EndGlobalSection
	GlobalSection(SolutionProperties) = preSolution
		HideSolutionNode = FALSE
	EndGlobalSection
	GlobalSection(NestedProjects) = preSolution
		{3325DC1A-D572-4059-B725-FCF48D0BDE09} = {BBBDB469-2BA4-4020-ACBE-CEA254C07243}
		{7CB70661-C1B5-45FF-A314-DDBA9A6E4680} = {BBBDB469-2BA4-4020-ACBE-CEA254C07243}
		{9BD71219-D447-49ED-990C-01221DEC12FA} = {BBBDB469-2BA4-4020-ACBE-CEA254C07243}
		{EB03BFAF-7EA9-44E2-939D-C2D7C03AD30A} = {BBBDB469-2BA4-4020-ACBE-CEA254C07243}
		{2C4FF2C7-1873-408D-94FD-E25D422EA759} = {BBBDB469-2BA4-4020-ACBE-CEA254C07243}
		{E280322F-7CC1-4FB4-BE7E-7D0F3B3D68F1} = {BBBDB469-2BA4-4020-ACBE-CEA254C07243}
		{D3D96738-C063-4491-948E-F9E4D78231C8} = {BBBDB469-2BA4-4020-ACBE-CEA254C07243}
		{E5838AEF-768F-4578-9077-66731DA58193} = {BBBDB469-2BA4-4020-ACBE-CEA254C07243}
		{F34DF58A-EE53-428F-AFF8-41CA787C00F3} = {BBBDB469-2BA4-4020-ACBE-CEA254C07243}
		{EEF66D2B-7FB6-4B94-92FB-C93A48BEC6B9} = {BBBDB469-2BA4-4020-ACBE-CEA254C07243}
		{31AED627-691A-490E-AC76-1B797F5870E8} = {BBBDB469-2BA4-4020-ACBE-CEA254C07243}
		{5E148DCF-6E75-4077-B0E7-FA26FF3C6D94} = {BBBDB469-2BA4-4020-ACBE-CEA254C07243}
		{967BF957-1DD8-42F9-B08B-B85511DD055C} = {BBBDB469-2BA4-4020-ACBE-CEA254C07243}
		{D7F0E64C-C181-470D-8A8B-E7721BD631BF} = {BBBDB469-2BA4-4020-ACBE-CEA254C07243}
		{2AD137C5-F439-436B-A06B-1A97589EC037} = {BBBDB469-2BA4-4020-ACBE-CEA254C07243}
		{00B55ACA-2F17-4AFC-B0BA-6F04BC94F30B} = {BBBDB469-2BA4-4020-ACBE-CEA254C07243}
		{26C12EA1-CD2E-400C-9F33-5E19C196D628} = {85334E73-CB6C-4D0B-B0A4-DA3B3497C447}
		{B6C1733F-0AF5-4F1B-94E1-76E5AE1926D6} = {BBBDB469-2BA4-4020-ACBE-CEA254C07243}
		{2F801E52-EDFF-470B-BAEC-56B7CE4F01FD} = {BBBDB469-2BA4-4020-ACBE-CEA254C07243}
		{7EF6AFD7-5671-4E88-ACD7-2C5E5B1C9B9D} = {BBBDB469-2BA4-4020-ACBE-CEA254C07243}
	EndGlobalSection
	GlobalSection(ExtensibilityGlobals) = postSolution
		SolutionGuid = {F2940B7B-53CF-4B90-B6F6-5696D223BF35}
	EndGlobalSection
EndGlobal
